
Microsoft Visual Studio Solution File, Format Version 12.00
# Visual Studio Version 17
VisualStudioVersion = 17.5.002.0
MinimumVisualStudioVersion = 10.0.40219.1
Project("{9A19103F-16F7-4668-BE54-9A1E7A4F7556}") = "observer-pattern", "observer-pattern.csproj", "{752E3D86-0133-43FE-B588-C1E96F81479E}"
EndProject
Global
	GlobalSection(SolutionConfigurationPlatforms) = preSolution
		Debug|Any CPU = Debug|Any CPU
		Release|Any CPU = Release|Any CPU
	EndGlobalSection
	GlobalSection(ProjectConfigurationPlatforms) = postSolution
		{752E3D86-0133-43FE-B588-C1E96F81479E}.Debug|Any CPU.ActiveCfg = Debug|Any CPU
		{752E3D86-0133-43FE-B588-C1E96F81479E}.Debug|Any CPU.Build.0 = Debug|Any CPU
		{752E3D86-0133-43FE-B588-C1E96F81479E}.Release|Any CPU.ActiveCfg = Release|Any CPU
		{752E3D86-0133-43FE-B588-C1E96F81479E}.Release|Any CPU.Build.0 = Release|Any CPU
	EndGlobalSection
	GlobalSection(SolutionProperties) = preSolution
		HideSolutionNode = FALSE
	EndGlobalSection
	GlobalSection(ExtensibilityGlobals) = postSolution
		SolutionGuid = {720D045E-DE75-4E13-BDA6-D6610F3236B9}
	EndGlobalSection
EndGlobal
